<?xml version="1.0" encoding="utf-8"?>
<Project ToolsVersion="4.0" xmlns="http://schemas.microsoft.com/developer/msbuild/2003">
  <ItemGroup>
    <Filter Include="Source Files">
      <UniqueIdentifier>{4FC737F1-C7A5-4376-A066-2A32D752A2FF}</UniqueIdentifier>
      <Extensions>cpp;c;cc;cxx;def;odl;idl;hpj;bat;asm;asmx</Extensions>
    </Filter>
    <Filter Include="Header Files">
      <UniqueIdentifier>{93995380-89BD-4b04-88EB-625FBE52EBFB}</UniqueIdentifier>
      <Extensions>h;hh;hpp;hxx;hm;inl;inc;ipp;xsd</Extensions>
    </Filter>
    <Filter Include="Resource Files">
      <UniqueIdentifier>{67DA6AB6-F800-4c08-8B7A-83BB121AAD01}</UniqueIdentifier>
      <Extensions>rc;ico;cur;bmp;dlg;rc2;rct;bin;rgs;gif;jpg;jpeg;jpe;resx;tiff;tif;png;wav;mfcribbon-ms</Extensions>
    </Filter>
    <Filter Include="Header Files\Renderer">
      <UniqueIdentifier>{09d8f714-ecb5-4357-afdc-d5475bd00586}</UniqueIdentifier>
    </Filter>
    <Filter Include="Source Files\Renderer">
      <UniqueIdentifier>{47b3cdac-515e-4aa6-8027-544c1831fb82}</UniqueIdentifier>
    </Filter>
    <Filter Include="Source Files\Renderer\Utils">
      <UniqueIdentifier>{4102379b-491f-4435-a8e3-70ae157ad351}</UniqueIdentifier>
    </Filter>
    <Filter Include="Header Files\Renderer\Utils">
      <UniqueIdentifier>{adb28644-47b3-449c-96c6-c78a7c58cf42}</UniqueIdentifier>
    </Filter>
  </ItemGroup>
  <ItemGroup>
    <ClCompile Include="..\src\main.cpp">
      <Filter>Source Files</Filter>
    </ClCompile>
    <ClCompile Include="..\src\VulkanInstance.cpp">
      <Filter>Source Files</Filter>
    </ClCompile>
    <ClCompile Include="..\src\Renderer\StaticMesh.cpp">
      <Filter>Source Files\Renderer</Filter>
    </ClCompile>
    <ClCompile Include="..\src\Renderer\Buffer.cpp">
      <Filter>Source Files\Renderer</Filter>
    </ClCompile>
    <ClCompile Include="..\src\Renderer\Utils\CopyBuffer.cpp">
      <Filter>Source Files\Renderer\Utils</Filter>
    </ClCompile>
    <ClCompile Include="..\src\Renderer\Camera.cpp">
      <Filter>Source Files\Renderer</Filter>
    </ClCompile>
  </ItemGroup>
  <ItemGroup>
    <ClInclude Include="..\src\VulkanInstance.h">
      <Filter>Header Files</Filter>
    </ClInclude>
    <ClInclude Include="..\src\Renderer\Vertex.h">
      <Filter>Header Files\Renderer</Filter>
    </ClInclude>
    <ClInclude Include="..\src\Renderer\StaticMesh.h">
      <Filter>Header Files\Renderer</Filter>
    </ClInclude>
    <ClInclude Include="..\src\Renderer\Buffer.h">
      <Filter>Header Files\Renderer</Filter>
    </ClInclude>
    <ClInclude Include="..\src\Renderer\Utils\CopyBuffer.h">
      <Filter>Header Files\Renderer\Utils</Filter>
    </ClInclude>
    <ClInclude Include="..\src\VulkanApplication-1.h">
      <Filter>Header Files</Filter>
    </ClInclude>
    <ClInclude Include="..\src\VulkanApplication.h">
      <Filter>Header Files</Filter>
    </ClInclude>
    <ClInclude Include="..\src\Renderer\Camera.h">
      <Filter>Header Files\Renderer</Filter>
    </ClInclude>
  </ItemGroup>
</Project>