<?xml version="1.0" encoding="utf-8"?>
<Project ToolsVersion="4.0" xmlns="http://schemas.microsoft.com/developer/msbuild/2003">
  <ItemGroup>
    <Filter Include="src">
      <UniqueIdentifier>{93995380-89BD-4b04-88EB-625FBE52EBFB}</UniqueIdentifier>
      <Extensions>h;hh;hpp;hxx;hm;inl;inc;ipp;xsd</Extensions>
    </Filter>
    <Filter Include="src\RenderEngine">
      <UniqueIdentifier>{ac8cc95c-89ff-4668-b8c6-e80618c14f23}</UniqueIdentifier>
    </Filter>
    <Filter Include="src\RenderEngine\Renderer">
      <UniqueIdentifier>{35d21dc4-b746-4d84-a8e2-8d7375533181}</UniqueIdentifier>
    </Filter>
    <Filter Include="src\RenderEngine\Renderer\Utils">
      <UniqueIdentifier>{d9b021da-45ae-4023-a566-b4024edffafa}</UniqueIdentifier>
    </Filter>
    <Filter Include="src\Engine">
      <UniqueIdentifier>{57eb5116-0f1d-4a7c-b17a-59f723133f5f}</UniqueIdentifier>
    </Filter>
    <Filter Include="src\Core">
      <UniqueIdentifier>{65fc1c1f-208f-4eca-8fc7-8635bee780ba}</UniqueIdentifier>
    </Filter>
    <Filter Include="src\RenderEngine\RenderThread">
      <UniqueIdentifier>{a3a09a82-bab2-4287-a453-7bd53c7cae7d}</UniqueIdentifier>
    </Filter>
    <Filter Include="src\Input">
      <UniqueIdentifier>{2e4016f8-e5d9-4b99-ad65-8cef79a8379f}</UniqueIdentifier>
    </Filter>
    <Filter Include="src\RenderEngine\SingleThreadRenderer">
      <UniqueIdentifier>{cc20b3b3-a158-43ad-b792-7ef9bacc1725}</UniqueIdentifier>
    </Filter>
    <Filter Include="src\Game">
      <UniqueIdentifier>{9e5ea1c4-71f4-4b8d-a4c6-e4648ea47b93}</UniqueIdentifier>
    </Filter>
    <Filter Include="src\Game\Colliders">
      <UniqueIdentifier>{cb30b4ea-e928-44ab-ae9e-1ec6daf99300}</UniqueIdentifier>
    </Filter>
    <Filter Include="src\Lua">
      <UniqueIdentifier>{e96d1fbd-1e11-4aed-9b72-c83c32e98757}</UniqueIdentifier>
    </Filter>
    <Filter Include="src\Game\GameObjects">
      <UniqueIdentifier>{0727e50d-03bf-44e8-8b10-7023084345d5}</UniqueIdentifier>
    </Filter>
  </ItemGroup>
  <ItemGroup>
    <ClCompile Include="..\src\RenderEngine\main.cpp">
      <Filter>src\RenderEngine</Filter>
    </ClCompile>
    <ClCompile Include="..\src\RenderEngine\VulkanInstance.cpp">
      <Filter>src\RenderEngine</Filter>
    </ClCompile>
    <ClCompile Include="..\src\RenderEngine\Renderer\Buffer.cpp">
      <Filter>src\RenderEngine\Renderer</Filter>
    </ClCompile>
    <ClCompile Include="..\src\RenderEngine\Renderer\Camera.cpp">
      <Filter>src\RenderEngine\Renderer</Filter>
    </ClCompile>
    <ClCompile Include="..\src\RenderEngine\Renderer\DescriptorSetLayout.cpp">
      <Filter>src\RenderEngine\Renderer</Filter>
    </ClCompile>
    <ClCompile Include="..\src\RenderEngine\Renderer\GraphicsPipeline.cpp">
      <Filter>src\RenderEngine\Renderer</Filter>
    </ClCompile>
    <ClCompile Include="..\src\RenderEngine\Renderer\Image.cpp">
      <Filter>src\RenderEngine\Renderer</Filter>
    </ClCompile>
    <ClCompile Include="..\src\RenderEngine\Renderer\RenderPass.cpp">
      <Filter>src\RenderEngine\Renderer</Filter>
    </ClCompile>
    <ClCompile Include="..\src\RenderEngine\Renderer\Shader.cpp">
      <Filter>src\RenderEngine\Renderer</Filter>
    </ClCompile>
    <ClCompile Include="..\src\RenderEngine\Renderer\StaticMesh.cpp">
      <Filter>src\RenderEngine\Renderer</Filter>
    </ClCompile>
    <ClCompile Include="..\src\RenderEngine\Renderer\Texture.cpp">
      <Filter>src\RenderEngine\Renderer</Filter>
    </ClCompile>
    <ClCompile Include="..\src\RenderEngine\Renderer\Utils\CopyBuffer.cpp">
      <Filter>src\RenderEngine\Renderer\Utils</Filter>
    </ClCompile>
    <ClCompile Include="..\src\Engine\GameObject.cpp">
      <Filter>src\Engine</Filter>
    </ClCompile>
    <ClCompile Include="..\src\Core\Transform.cpp">
      <Filter>src\Core</Filter>
    </ClCompile>
    <ClCompile Include="..\src\Engine\StaticMeshComponent.cpp">
      <Filter>src\Engine</Filter>
    </ClCompile>
    <ClCompile Include="..\src\Engine\World.cpp">
      <Filter>src\Engine</Filter>
    </ClCompile>
    <ClCompile Include="..\src\RenderEngine\RenderThread\RenderThread.cpp">
      <Filter>src\RenderEngine\RenderThread</Filter>
    </ClCompile>
    <ClCompile Include="..\src\RenderEngine\Renderer\Material.cpp">
      <Filter>src\RenderEngine\Renderer</Filter>
    </ClCompile>
    <ClCompile Include="..\src\RenderEngine\Renderer\Mesh.cpp">
      <Filter>src\RenderEngine\Renderer</Filter>
    </ClCompile>
    <ClCompile Include="..\lib\objloader\tiny_obj_loader.cc" />
    <ClCompile Include="..\src\Input\InputManager.cpp">
      <Filter>src\Input</Filter>
    </ClCompile>
    <ClCompile Include="..\src\RenderEngine\Renderer\Utils\MaterialUtils.cpp">
      <Filter>src\RenderEngine\Renderer\Utils</Filter>
    </ClCompile>
    <ClCompile Include="..\src\RenderEngine\Renderer\SingleThreadRenderer\SingleThreadRenderer.cpp">
      <Filter>src\RenderEngine\SingleThreadRenderer</Filter>
    </ClCompile>
    <ClCompile Include="..\src\Game\Colliders\CapsuleCollider.cpp">
      <Filter>src\Game\Colliders</Filter>
    </ClCompile>
    <ClCompile Include="..\src\Game\Colliders\SphereCollider.cpp">
      <Filter>src\Game\Colliders</Filter>
    </ClCompile>
    <ClCompile Include="..\src\Lua\LuaInstance.cpp">
      <Filter>src\Lua</Filter>
    </ClCompile>
    <ClCompile Include="..\src\Lua\LuaComponent.cpp">
      <Filter>src\Lua</Filter>
    </ClCompile>
    <ClCompile Include="..\src\Lua\LuaGameobjectFunctions.cpp">
      <Filter>src\Lua</Filter>
    </ClCompile>
    <ClCompile Include="..\src\Game\GameObjects\FirstPersonPlayer.cpp">
      <Filter>src\Game\GameObjects</Filter>
    </ClCompile>
  </ItemGroup>
  <ItemGroup>
    <ClInclude Include="..\src\RenderEngine\VulkanInstance.h">
      <Filter>src\RenderEngine</Filter>
    </ClInclude>
    <ClInclude Include="..\src\RenderEngine\Renderer\Buffer.h">
      <Filter>src\RenderEngine\Renderer</Filter>
    </ClInclude>
    <ClInclude Include="..\src\RenderEngine\Renderer\Camera.h">
      <Filter>src\RenderEngine\Renderer</Filter>
    </ClInclude>
    <ClInclude Include="..\src\RenderEngine\Renderer\DescriptorSetLayout.h">
      <Filter>src\RenderEngine\Renderer</Filter>
    </ClInclude>
    <ClInclude Include="..\src\RenderEngine\Renderer\GraphicsPipeline.h">
      <Filter>src\RenderEngine\Renderer</Filter>
    </ClInclude>
    <ClInclude Include="..\src\RenderEngine\Renderer\Image.h">
      <Filter>src\RenderEngine\Renderer</Filter>
    </ClInclude>
    <ClInclude Include="..\src\RenderEngine\Renderer\RenderPass.h">
      <Filter>src\RenderEngine\Renderer</Filter>
    </ClInclude>
    <ClInclude Include="..\src\RenderEngine\Renderer\Shader.h">
      <Filter>src\RenderEngine\Renderer</Filter>
    </ClInclude>
    <ClInclude Include="..\src\RenderEngine\Renderer\StaticMesh.h">
      <Filter>src\RenderEngine\Renderer</Filter>
    </ClInclude>
    <ClInclude Include="..\src\RenderEngine\Renderer\Texture.h">
      <Filter>src\RenderEngine\Renderer</Filter>
    </ClInclude>
    <ClInclude Include="..\src\RenderEngine\Renderer\Vertex.h">
      <Filter>src\RenderEngine\Renderer</Filter>
    </ClInclude>
    <ClInclude Include="..\src\RenderEngine\Renderer\Utils\CopyBuffer.h">
      <Filter>src\RenderEngine\Renderer\Utils</Filter>
    </ClInclude>
    <ClInclude Include="..\src\Engine\GameObject.h">
      <Filter>src\Engine</Filter>
    </ClInclude>
    <ClInclude Include="..\src\Core\Transform.h">
      <Filter>src\Core</Filter>
    </ClInclude>
    <ClInclude Include="..\src\Core\Vector3.h">
      <Filter>src\Core</Filter>
    </ClInclude>
    <ClInclude Include="..\src\Engine\Component.h">
      <Filter>src\Engine</Filter>
    </ClInclude>
    <ClInclude Include="..\src\Engine\StaticMeshComponent.h">
      <Filter>src\Engine</Filter>
    </ClInclude>
    <ClInclude Include="..\src\Engine\World.h">
      <Filter>src\Engine</Filter>
    </ClInclude>
    <ClInclude Include="..\src\RenderEngine\RenderThread\RenderThread.h">
      <Filter>src\RenderEngine\RenderThread</Filter>
    </ClInclude>
    <ClInclude Include="..\src\RenderEngine\Renderer\Renderizable.h">
      <Filter>src\RenderEngine\Renderer</Filter>
    </ClInclude>
    <ClInclude Include="..\src\RenderEngine\Renderer\Uniform.h">
      <Filter>src\RenderEngine\Renderer</Filter>
    </ClInclude>
    <ClInclude Include="..\src\RenderEngine\Renderer\Material.h">
      <Filter>src\RenderEngine\Renderer</Filter>
    </ClInclude>
    <ClInclude Include="..\src\RenderEngine\Renderer\Mesh.h">
      <Filter>src\RenderEngine\Renderer</Filter>
    </ClInclude>
    <ClInclude Include="..\src\Input\InputManager.h">
      <Filter>src\Input</Filter>
    </ClInclude>
    <ClInclude Include="..\src\RenderEngine\Renderer\Utils\MaterialUtils.h">
      <Filter>src\RenderEngine\Renderer\Utils</Filter>
    </ClInclude>
    <ClInclude Include="..\src\RenderEngine\Renderer\SingleThreadRenderer\SingleThreadRenderer.h">
      <Filter>src\RenderEngine\SingleThreadRenderer</Filter>
    </ClInclude>
    <ClInclude Include="..\src\Game\Colliders\CapsuleCollider.h">
      <Filter>src\Game\Colliders</Filter>
    </ClInclude>
    <ClInclude Include="..\src\Game\Colliders\SphereCollider.h">
      <Filter>src\Game\Colliders</Filter>
    </ClInclude>
    <ClInclude Include="..\src\Lua\LuaInstance.h">
      <Filter>src\Lua</Filter>
    </ClInclude>
    <ClInclude Include="..\src\Lua\LuaComponent.h">
      <Filter>src\Lua</Filter>
    </ClInclude>
    <ClInclude Include="..\src\Lua\LuaGameobjectFunctions.h">
      <Filter>src\Lua</Filter>
    </ClInclude>
    <ClInclude Include="..\src\Game\GameObjects\FirstPersonPlayer.h">
      <Filter>src\Game\GameObjects</Filter>
    </ClInclude>
  </ItemGroup>
</Project>